
Microsoft Visual Studio Solution File, Format Version 12.00
# Visual Studio 14
VisualStudioVersion = 14.0.25420.1
MinimumVisualStudioVersion = 10.0.40219.1
Project("{FAE04EC0-301F-11D3-BF4B-00C04F79EFBC}") = "NPOI.Excel.Example", "NPOI.Excel.Example\NPOI.Excel.Example.csproj", "{E086D709-9216-44C7-A1C6-AD97DFDB1F50}"
EndProject
Global
	GlobalSection(SolutionConfigurationPlatforms) = preSolution
		Debug|Any CPU = Debug|Any CPU
		Release|Any CPU = Release|Any CPU
	EndGlobalSection
	GlobalSection(ProjectConfigurationPlatforms) = postSolution
		{E086D709-9216-44C7-A1C6-AD97DFDB1F50}.Debug|Any CPU.ActiveCfg = Debug|Any CPU
		{E086D709-9216-44C7-A1C6-AD97DFDB1F50}.Debug|Any CPU.Build.0 = Debug|Any CPU
		{E086D709-9216-44C7-A1C6-AD97DFDB1F50}.Release|Any CPU.ActiveCfg = Release|Any CPU
		{E086D709-9216-44C7-A1C6-AD97DFDB1F50}.Release|Any CPU.Build.0 = Release|Any CPU
	EndGlobalSection
	GlobalSection(SolutionProperties) = preSolution
		HideSolutionNode = FALSE
	EndGlobalSection
EndGlobal
